
Microsoft Visual Studio Solution File, Format Version 12.00
Project("{FAE04EC0-301F-11D3-BF4B-00C04F79EFBC}") = "BattletechPerformanceFix", "BattletechPerformanceFix\source\BattletechPerformanceFix.csproj", "{BE228001-8604-4A02-AA26-B83C6A5EF2B4}"
EndProject
Project("{FAE04EC0-301F-11D3-BF4B-00C04F79EFBC}") = "CustomComponents", "CustomComponents\source\CustomComponents\CustomComponents.csproj", "{7E755F55-106A-4F0D-A970-0BA7FC6C5662}"
EndProject
Project("{FAE04EC0-301F-11D3-BF4B-00C04F79EFBC}") = "CustomFilters", "CustomFilters\source\CustomFilters.csproj", "{AF2FC9C6-1A2E-4CE8-864D-8880388EBA4D}"
	ProjectSection(ProjectDependencies) = postProject
		{7E755F55-106A-4F0D-A970-0BA7FC6C5662} = {7E755F55-106A-4F0D-A970-0BA7FC6C5662}
	EndProjectSection
EndProject
Project("{FAE04EC0-301F-11D3-BF4B-00C04F79EFBC}") = "MechEngineer", "MechEngineer\source\MechEngineer.csproj", "{153FF0A3-0D95-48DD-93FD-4B9557C9A8BA}"
	ProjectSection(ProjectDependencies) = postProject
		{7E755F55-106A-4F0D-A970-0BA7FC6C5662} = {7E755F55-106A-4F0D-A970-0BA7FC6C5662}
	EndProjectSection
EndProject
Project("{FAE04EC0-301F-11D3-BF4B-00C04F79EFBC}") = "SpeedMod", "SpeedMod\source\SpeedMod.csproj", "{3712413D-F483-425D-83F4-56C697FFBBF7}"
EndProject
Project("{FAE04EC0-301F-11D3-BF4B-00C04F79EFBC}") = "CustomSalvage", "CustomSalvage\source\CustomSalvage.csproj", "{EEA39A53-8B48-4DF6-9A88-43A234502543}"
	ProjectSection(ProjectDependencies) = postProject
		{7E755F55-106A-4F0D-A970-0BA7FC6C5662} = {7E755F55-106A-4F0D-A970-0BA7FC6C5662}
	EndProjectSection
EndProject
Project("{FAE04EC0-301F-11D3-BF4B-00C04F79EFBC}") = "LewdableTanks", "LewdableTanks\source\LewdableTanks.csproj", "{F5F0B963-2D2E-4E36-973C-45A215132A86}"
	ProjectSection(ProjectDependencies) = postProject
		{EEA39A53-8B48-4DF6-9A88-43A234502543} = {EEA39A53-8B48-4DF6-9A88-43A234502543}
		{7E755F55-106A-4F0D-A970-0BA7FC6C5662} = {7E755F55-106A-4F0D-A970-0BA7FC6C5662}
	EndProjectSection
EndProject
Project("{FAE04EC0-301F-11D3-BF4B-00C04F79EFBC}") = "Benchmark", "Benchmark\Benchmark.csproj", "{939F185A-04AF-4AD2-A3CA-F467D1852719}"
EndProject
Project("{FAE04EC0-301F-11D3-BF4B-00C04F79EFBC}") = "CustomComponentsTests", "CustomComponents\source\CustomComponentsTests\CustomComponentsTests.csproj", "{6ECB4B7E-3492-45D4-A2E9-91DF4990AE7E}"
	ProjectSection(ProjectDependencies) = postProject
		{7E755F55-106A-4F0D-A970-0BA7FC6C5662} = {7E755F55-106A-4F0D-A970-0BA7FC6C5662}
	EndProjectSection
EndProject
Project("{FAE04EC0-301F-11D3-BF4B-00C04F79EFBC}") = "NewSaveFolder", "NewSaveFolder\source\NewSaveFolder.csproj", "{599517CB-3973-4D93-8DAF-47AEF02209CB}"
EndProject
Project("{FAE04EC0-301F-11D3-BF4B-00C04F79EFBC}") = "RogueTechPerfFixes", "RogueTechPerfFixes\RogueTechPerfFixes\RogueTechPerfFixes.csproj", "{382C05D7-3BCE-4E9D-B3D2-8AA85C66871E}"
EndProject
Project("{FAE04EC0-301F-11D3-BF4B-00C04F79EFBC}") = "RogueTechPerfFixesInjector", "RogueTechPerfFixes\RogueTechPerfFixesInjector\RogueTechPerfFixesInjector.csproj", "{24B640F1-9AFC-44C6-8414-6F28F3097D5B}"
EndProject
Global
	GlobalSection(SolutionConfigurationPlatforms) = preSolution
		Debug|Any CPU = Debug|Any CPU
		Release|Any CPU = Release|Any CPU
	EndGlobalSection
	GlobalSection(ProjectConfigurationPlatforms) = postSolution
		{BE228001-8604-4A02-AA26-B83C6A5EF2B4}.Debug|Any CPU.ActiveCfg = Debug|Any CPU
		{BE228001-8604-4A02-AA26-B83C6A5EF2B4}.Debug|Any CPU.Build.0 = Debug|Any CPU
		{BE228001-8604-4A02-AA26-B83C6A5EF2B4}.Release|Any CPU.ActiveCfg = Release|Any CPU
		{BE228001-8604-4A02-AA26-B83C6A5EF2B4}.Release|Any CPU.Build.0 = Release|Any CPU
		{7E755F55-106A-4F0D-A970-0BA7FC6C5662}.Debug|Any CPU.ActiveCfg = Debug|Any CPU
		{7E755F55-106A-4F0D-A970-0BA7FC6C5662}.Debug|Any CPU.Build.0 = Debug|Any CPU
		{7E755F55-106A-4F0D-A970-0BA7FC6C5662}.Release|Any CPU.ActiveCfg = Release|Any CPU
		{7E755F55-106A-4F0D-A970-0BA7FC6C5662}.Release|Any CPU.Build.0 = Release|Any CPU
		{AF2FC9C6-1A2E-4CE8-864D-8880388EBA4D}.Debug|Any CPU.ActiveCfg = Debug|Any CPU
		{AF2FC9C6-1A2E-4CE8-864D-8880388EBA4D}.Debug|Any CPU.Build.0 = Debug|Any CPU
		{AF2FC9C6-1A2E-4CE8-864D-8880388EBA4D}.Release|Any CPU.ActiveCfg = Release|Any CPU
		{AF2FC9C6-1A2E-4CE8-864D-8880388EBA4D}.Release|Any CPU.Build.0 = Release|Any CPU
		{153FF0A3-0D95-48DD-93FD-4B9557C9A8BA}.Debug|Any CPU.ActiveCfg = Debug|Any CPU
		{153FF0A3-0D95-48DD-93FD-4B9557C9A8BA}.Debug|Any CPU.Build.0 = Debug|Any CPU
		{153FF0A3-0D95-48DD-93FD-4B9557C9A8BA}.Release|Any CPU.ActiveCfg = Release|Any CPU
		{153FF0A3-0D95-48DD-93FD-4B9557C9A8BA}.Release|Any CPU.Build.0 = Release|Any CPU
		{3712413D-F483-425D-83F4-56C697FFBBF7}.Debug|Any CPU.ActiveCfg = Debug|Any CPU
		{3712413D-F483-425D-83F4-56C697FFBBF7}.Debug|Any CPU.Build.0 = Debug|Any CPU
		{3712413D-F483-425D-83F4-56C697FFBBF7}.Release|Any CPU.ActiveCfg = Release|Any CPU
		{3712413D-F483-425D-83F4-56C697FFBBF7}.Release|Any CPU.Build.0 = Release|Any CPU
		{EEA39A53-8B48-4DF6-9A88-43A234502543}.Debug|Any CPU.ActiveCfg = Debug|Any CPU
		{EEA39A53-8B48-4DF6-9A88-43A234502543}.Debug|Any CPU.Build.0 = Debug|Any CPU
		{EEA39A53-8B48-4DF6-9A88-43A234502543}.Release|Any CPU.ActiveCfg = Release|Any CPU
		{EEA39A53-8B48-4DF6-9A88-43A234502543}.Release|Any CPU.Build.0 = Release|Any CPU
		{F5F0B963-2D2E-4E36-973C-45A215132A86}.Debug|Any CPU.ActiveCfg = Debug|Any CPU
		{F5F0B963-2D2E-4E36-973C-45A215132A86}.Debug|Any CPU.Build.0 = Debug|Any CPU
		{F5F0B963-2D2E-4E36-973C-45A215132A86}.Release|Any CPU.ActiveCfg = Release|Any CPU
		{F5F0B963-2D2E-4E36-973C-45A215132A86}.Release|Any CPU.Build.0 = Release|Any CPU
		{939F185A-04AF-4AD2-A3CA-F467D1852719}.Debug|Any CPU.ActiveCfg = Debug|Any CPU
		{939F185A-04AF-4AD2-A3CA-F467D1852719}.Debug|Any CPU.Build.0 = Debug|Any CPU
		{939F185A-04AF-4AD2-A3CA-F467D1852719}.Release|Any CPU.ActiveCfg = Release|Any CPU
		{939F185A-04AF-4AD2-A3CA-F467D1852719}.Release|Any CPU.Build.0 = Release|Any CPU
		{6ECB4B7E-3492-45D4-A2E9-91DF4990AE7E}.Debug|Any CPU.ActiveCfg = Debug|Any CPU
		{6ECB4B7E-3492-45D4-A2E9-91DF4990AE7E}.Debug|Any CPU.Build.0 = Debug|Any CPU
		{6ECB4B7E-3492-45D4-A2E9-91DF4990AE7E}.Release|Any CPU.ActiveCfg = Release|Any CPU
		{6ECB4B7E-3492-45D4-A2E9-91DF4990AE7E}.Release|Any CPU.Build.0 = Release|Any CPU
		{599517CB-3973-4D93-8DAF-47AEF02209CB}.Debug|Any CPU.ActiveCfg = Debug|Any CPU
		{599517CB-3973-4D93-8DAF-47AEF02209CB}.Debug|Any CPU.Build.0 = Debug|Any CPU
		{599517CB-3973-4D93-8DAF-47AEF02209CB}.Release|Any CPU.ActiveCfg = Release|Any CPU
		{599517CB-3973-4D93-8DAF-47AEF02209CB}.Release|Any CPU.Build.0 = Release|Any CPU
		{382C05D7-3BCE-4E9D-B3D2-8AA85C66871E}.Debug|Any CPU.ActiveCfg = Debug|Any CPU
		{382C05D7-3BCE-4E9D-B3D2-8AA85C66871E}.Debug|Any CPU.Build.0 = Debug|Any CPU
		{382C05D7-3BCE-4E9D-B3D2-8AA85C66871E}.Release|Any CPU.ActiveCfg = Release|Any CPU
		{382C05D7-3BCE-4E9D-B3D2-8AA85C66871E}.Release|Any CPU.Build.0 = Release|Any CPU
		{24B640F1-9AFC-44C6-8414-6F28F3097D5B}.Debug|Any CPU.ActiveCfg = Debug|Any CPU
		{24B640F1-9AFC-44C6-8414-6F28F3097D5B}.Debug|Any CPU.Build.0 = Debug|Any CPU
		{24B640F1-9AFC-44C6-8414-6F28F3097D5B}.Release|Any CPU.ActiveCfg = Release|Any CPU
		{24B640F1-9AFC-44C6-8414-6F28F3097D5B}.Release|Any CPU.Build.0 = Release|Any CPU
	EndGlobalSection
EndGlobal
